
Microsoft Visual Studio Solution File, Format Version 12.00
# Visual Studio 15
VisualStudioVersion = 15.0.28307.757
MinimumVisualStudioVersion = 10.0.40219.1
Project("{8BC9CEB8-8B4A-11D0-8D11-00A0C91BC942}") = "drvulkan", "drvulkan\drvulkan.vcxproj", "{2E1EF820-F104-420A-8519-D26B97A93331}"
EndProject
Global
	GlobalSection(SolutionConfigurationPlatforms) = preSolution
		Debug|x64 = Debug|x64
		Release|x64 = Release|x64
	EndGlobalSection
	GlobalSection(ProjectConfigurationPlatforms) = postSolution
		{2E1EF820-F104-420A-8519-D26B97A93331}.Debug|x64.ActiveCfg = Debug|x64
		{2E1EF820-F104-420A-8519-D26B97A93331}.Debug|x64.Build.0 = Debug|x64
		{2E1EF820-F104-420A-8519-D26B97A93331}.Release|x64.ActiveCfg = Release|x64
		{2E1EF820-F104-420A-8519-D26B97A93331}.Release|x64.Build.0 = Release|x64
	EndGlobalSection
	GlobalSection(SolutionProperties) = preSolution
		HideSolutionNode = FALSE
	EndGlobalSection
	GlobalSection(ExtensibilityGlobals) = postSolution
		SolutionGuid = {E37C086B-A03E-45FC-AB55-72BC51E86997}
	EndGlobalSection
EndGlobal
